
Microsoft Visual Studio Solution File, Format Version 12.00
# Visual Studio Version 17
VisualStudioVersion = 17.0.31903.59
MinimumVisualStudioVersion = 10.0.40219.1
Project("{2150E333-8FDC-42A3-9474-1A3956D46DE8}") = "src", "src", "{827E0CD3-B72D-47B6-A68D-7590B98EB39B}"
EndProject
Project("{FAE04EC0-301F-11D3-BF4B-00C04F79EFBC}") = "Stt.Abstractions", "src\Stt.Abstractions\Stt.Abstractions.csproj", "{2668A184-C1A0-44CF-89D2-6D0E2412140A}"
EndProject
Project("{FAE04EC0-301F-11D3-BF4B-00C04F79EFBC}") = "Stt.Core", "src\Stt.Core\Stt.Core.csproj", "{5F9EF84B-74B1-4D18-9DAC-D2D3B29F2481}"
EndProject
Project("{FAE04EC0-301F-11D3-BF4B-00C04F79EFBC}") = "Stt.Audio.Windows", "src\Stt.Audio.Windows\Stt.Audio.Windows.csproj", "{67D444A2-ECDF-4869-9E1F-F90FFB167833}"
EndProject
Project("{2150E333-8FDC-42A3-9474-1A3956D46DE8}") = "tests", "tests", "{0AB3BF05-4346-4AA6-1389-037BE0695223}"
EndProject
Project("{FAE04EC0-301F-11D3-BF4B-00C04F79EFBC}") = "Stt.Core.Tests", "tests\Stt.Core.Tests\Stt.Core.Tests.csproj", "{B6693C42-C892-40A7-90CF-6F64FADBCDDF}"
EndProject
Project("{FAE04EC0-301F-11D3-BF4B-00C04F79EFBC}") = "Stt.Pipeline.Tests", "tests\Stt.Pipeline.Tests\Stt.Pipeline.Tests.csproj", "{214A4DCB-3A47-46CB-8495-E44D66B54BDB}"
EndProject
Project("{FAE04EC0-301F-11D3-BF4B-00C04F79EFBC}") = "Stt.App", "src\Stt.App\Stt.App.csproj", "{E0406C24-3752-4346-8856-A978F19A41B6}"
EndProject
Global
	GlobalSection(SolutionConfigurationPlatforms) = preSolution
		Debug|Any CPU = Debug|Any CPU
		Debug|x64 = Debug|x64
		Debug|x86 = Debug|x86
		Release|Any CPU = Release|Any CPU
		Release|x64 = Release|x64
		Release|x86 = Release|x86
	EndGlobalSection
	GlobalSection(ProjectConfigurationPlatforms) = postSolution
		{2668A184-C1A0-44CF-89D2-6D0E2412140A}.Debug|Any CPU.ActiveCfg = Debug|x64
		{2668A184-C1A0-44CF-89D2-6D0E2412140A}.Debug|Any CPU.Build.0 = Debug|x64
		{2668A184-C1A0-44CF-89D2-6D0E2412140A}.Debug|x64.ActiveCfg = Debug|x64
		{2668A184-C1A0-44CF-89D2-6D0E2412140A}.Debug|x64.Build.0 = Debug|x64
		{2668A184-C1A0-44CF-89D2-6D0E2412140A}.Debug|x86.ActiveCfg = Debug|x64
		{2668A184-C1A0-44CF-89D2-6D0E2412140A}.Debug|x86.Build.0 = Debug|x64
		{2668A184-C1A0-44CF-89D2-6D0E2412140A}.Release|Any CPU.ActiveCfg = Release|x64
		{2668A184-C1A0-44CF-89D2-6D0E2412140A}.Release|Any CPU.Build.0 = Release|x64
		{2668A184-C1A0-44CF-89D2-6D0E2412140A}.Release|x64.ActiveCfg = Release|x64
		{2668A184-C1A0-44CF-89D2-6D0E2412140A}.Release|x64.Build.0 = Release|x64
		{2668A184-C1A0-44CF-89D2-6D0E2412140A}.Release|x86.ActiveCfg = Release|x64
		{2668A184-C1A0-44CF-89D2-6D0E2412140A}.Release|x86.Build.0 = Release|x64
		{5F9EF84B-74B1-4D18-9DAC-D2D3B29F2481}.Debug|Any CPU.ActiveCfg = Debug|x64
		{5F9EF84B-74B1-4D18-9DAC-D2D3B29F2481}.Debug|Any CPU.Build.0 = Debug|x64
		{5F9EF84B-74B1-4D18-9DAC-D2D3B29F2481}.Debug|x64.ActiveCfg = Debug|x64
		{5F9EF84B-74B1-4D18-9DAC-D2D3B29F2481}.Debug|x64.Build.0 = Debug|x64
		{5F9EF84B-74B1-4D18-9DAC-D2D3B29F2481}.Debug|x86.ActiveCfg = Debug|x64
		{5F9EF84B-74B1-4D18-9DAC-D2D3B29F2481}.Debug|x86.Build.0 = Debug|x64
		{5F9EF84B-74B1-4D18-9DAC-D2D3B29F2481}.Release|Any CPU.ActiveCfg = Release|x64
		{5F9EF84B-74B1-4D18-9DAC-D2D3B29F2481}.Release|Any CPU.Build.0 = Release|x64
		{5F9EF84B-74B1-4D18-9DAC-D2D3B29F2481}.Release|x64.ActiveCfg = Release|x64
		{5F9EF84B-74B1-4D18-9DAC-D2D3B29F2481}.Release|x64.Build.0 = Release|x64
		{5F9EF84B-74B1-4D18-9DAC-D2D3B29F2481}.Release|x86.ActiveCfg = Release|x64
		{5F9EF84B-74B1-4D18-9DAC-D2D3B29F2481}.Release|x86.Build.0 = Release|x64
		{67D444A2-ECDF-4869-9E1F-F90FFB167833}.Debug|Any CPU.ActiveCfg = Debug|x64
		{67D444A2-ECDF-4869-9E1F-F90FFB167833}.Debug|Any CPU.Build.0 = Debug|x64
		{67D444A2-ECDF-4869-9E1F-F90FFB167833}.Debug|x64.ActiveCfg = Debug|x64
		{67D444A2-ECDF-4869-9E1F-F90FFB167833}.Debug|x64.Build.0 = Debug|x64
		{67D444A2-ECDF-4869-9E1F-F90FFB167833}.Debug|x86.ActiveCfg = Debug|x64
		{67D444A2-ECDF-4869-9E1F-F90FFB167833}.Debug|x86.Build.0 = Debug|x64
		{67D444A2-ECDF-4869-9E1F-F90FFB167833}.Release|Any CPU.ActiveCfg = Release|x64
		{67D444A2-ECDF-4869-9E1F-F90FFB167833}.Release|Any CPU.Build.0 = Release|x64
		{67D444A2-ECDF-4869-9E1F-F90FFB167833}.Release|x64.ActiveCfg = Release|x64
		{67D444A2-ECDF-4869-9E1F-F90FFB167833}.Release|x64.Build.0 = Release|x64
		{67D444A2-ECDF-4869-9E1F-F90FFB167833}.Release|x86.ActiveCfg = Release|x64
		{67D444A2-ECDF-4869-9E1F-F90FFB167833}.Release|x86.Build.0 = Release|x64
		{B6693C42-C892-40A7-90CF-6F64FADBCDDF}.Debug|Any CPU.ActiveCfg = Debug|x64
		{B6693C42-C892-40A7-90CF-6F64FADBCDDF}.Debug|Any CPU.Build.0 = Debug|x64
		{B6693C42-C892-40A7-90CF-6F64FADBCDDF}.Debug|x64.ActiveCfg = Debug|x64
		{B6693C42-C892-40A7-90CF-6F64FADBCDDF}.Debug|x64.Build.0 = Debug|x64
		{B6693C42-C892-40A7-90CF-6F64FADBCDDF}.Debug|x86.ActiveCfg = Debug|x64
		{B6693C42-C892-40A7-90CF-6F64FADBCDDF}.Debug|x86.Build.0 = Debug|x64
		{B6693C42-C892-40A7-90CF-6F64FADBCDDF}.Release|Any CPU.ActiveCfg = Release|x64
		{B6693C42-C892-40A7-90CF-6F64FADBCDDF}.Release|Any CPU.Build.0 = Release|x64
		{B6693C42-C892-40A7-90CF-6F64FADBCDDF}.Release|x64.ActiveCfg = Release|x64
		{B6693C42-C892-40A7-90CF-6F64FADBCDDF}.Release|x64.Build.0 = Release|x64
		{B6693C42-C892-40A7-90CF-6F64FADBCDDF}.Release|x86.ActiveCfg = Release|x64
		{B6693C42-C892-40A7-90CF-6F64FADBCDDF}.Release|x86.Build.0 = Release|x64
		{214A4DCB-3A47-46CB-8495-E44D66B54BDB}.Debug|Any CPU.ActiveCfg = Debug|x64
		{214A4DCB-3A47-46CB-8495-E44D66B54BDB}.Debug|Any CPU.Build.0 = Debug|x64
		{214A4DCB-3A47-46CB-8495-E44D66B54BDB}.Debug|x64.ActiveCfg = Debug|x64
		{214A4DCB-3A47-46CB-8495-E44D66B54BDB}.Debug|x64.Build.0 = Debug|x64
		{214A4DCB-3A47-46CB-8495-E44D66B54BDB}.Debug|x86.ActiveCfg = Debug|x64
		{214A4DCB-3A47-46CB-8495-E44D66B54BDB}.Debug|x86.Build.0 = Debug|x64
		{214A4DCB-3A47-46CB-8495-E44D66B54BDB}.Release|Any CPU.ActiveCfg = Release|x64
		{214A4DCB-3A47-46CB-8495-E44D66B54BDB}.Release|Any CPU.Build.0 = Release|x64
		{214A4DCB-3A47-46CB-8495-E44D66B54BDB}.Release|x64.ActiveCfg = Release|x64
		{214A4DCB-3A47-46CB-8495-E44D66B54BDB}.Release|x64.Build.0 = Release|x64
		{214A4DCB-3A47-46CB-8495-E44D66B54BDB}.Release|x86.ActiveCfg = Release|x64
		{214A4DCB-3A47-46CB-8495-E44D66B54BDB}.Release|x86.Build.0 = Release|x64
		{E0406C24-3752-4346-8856-A978F19A41B6}.Debug|Any CPU.ActiveCfg = Debug|x64
		{E0406C24-3752-4346-8856-A978F19A41B6}.Debug|Any CPU.Build.0 = Debug|x64
		{E0406C24-3752-4346-8856-A978F19A41B6}.Debug|x64.ActiveCfg = Debug|x64
		{E0406C24-3752-4346-8856-A978F19A41B6}.Debug|x64.Build.0 = Debug|x64
		{E0406C24-3752-4346-8856-A978F19A41B6}.Debug|x86.ActiveCfg = Debug|x64
		{E0406C24-3752-4346-8856-A978F19A41B6}.Debug|x86.Build.0 = Debug|x64
		{E0406C24-3752-4346-8856-A978F19A41B6}.Release|Any CPU.ActiveCfg = Release|x64
		{E0406C24-3752-4346-8856-A978F19A41B6}.Release|Any CPU.Build.0 = Release|x64
		{E0406C24-3752-4346-8856-A978F19A41B6}.Release|x64.ActiveCfg = Release|x64
		{E0406C24-3752-4346-8856-A978F19A41B6}.Release|x64.Build.0 = Release|x64
		{E0406C24-3752-4346-8856-A978F19A41B6}.Release|x86.ActiveCfg = Release|x64
		{E0406C24-3752-4346-8856-A978F19A41B6}.Release|x86.Build.0 = Release|x64
	EndGlobalSection
	GlobalSection(SolutionProperties) = preSolution
		HideSolutionNode = FALSE
	EndGlobalSection
	GlobalSection(NestedProjects) = preSolution
		{2668A184-C1A0-44CF-89D2-6D0E2412140A} = {827E0CD3-B72D-47B6-A68D-7590B98EB39B}
		{5F9EF84B-74B1-4D18-9DAC-D2D3B29F2481} = {827E0CD3-B72D-47B6-A68D-7590B98EB39B}
		{67D444A2-ECDF-4869-9E1F-F90FFB167833} = {827E0CD3-B72D-47B6-A68D-7590B98EB39B}
		{B6693C42-C892-40A7-90CF-6F64FADBCDDF} = {0AB3BF05-4346-4AA6-1389-037BE0695223}
		{214A4DCB-3A47-46CB-8495-E44D66B54BDB} = {0AB3BF05-4346-4AA6-1389-037BE0695223}
		{E0406C24-3752-4346-8856-A978F19A41B6} = {827E0CD3-B72D-47B6-A68D-7590B98EB39B}
	EndGlobalSection
EndGlobal
